lockfileVersion: '9.0'

settings:
  autoInstallPeers: true
  excludeLinksFromLockfile: false

importers:

  .:
    dependencies:
      hono:
        specifier: ^4.10.4
        version: 4.10.4

packages:

  hono@4.10.4:
    resolution: {integrity: sha512-YG/fo7zlU3KwrBL5vDpWKisLYiM+nVstBQqfr7gCPbSYURnNEP9BDxEMz8KfsDR9JX0lJWDRNc6nXX31v7ZEyg==}
    engines: {node: '>=16.9.0'}

snapshots:

  hono@4.10.4: {}
